
Microsoft Visual Studio Solution File, Format Version 12.00
# Visual Studio 2017
Project("{FAE04EC0-301F-11D3-BF4B-00C04F79EFBC}") = "Mettle", "Mettle.csproj", "{CC517393-BADC-3458-F89B-1A921A75142C}"
EndProject
Project("{FAE04EC0-301F-11D3-BF4B-00C04F79EFBC}") = "Mettle.Plugins", "Mettle.Plugins.csproj", "{FA28D29C-4548-5513-7BF8-EAFDF8693B20}"
EndProject
Project("{FAE04EC0-301F-11D3-BF4B-00C04F79EFBC}") = "Mettle.Editor.Plugins", "Mettle.Editor.Plugins.csproj", "{AFD753CE-6C86-C159-65AE-30CE7F5E8DC0}"
EndProject
Global
	GlobalSection(SolutionConfigurationPlatforms) = preSolution
		Debug|Any CPU = Debug|Any CPU
		Release|Any CPU = Release|Any CPU
	EndGlobalSection
	GlobalSection(ProjectConfigurationPlatforms) = postSolution
		{CC517393-BADC-3458-F89B-1A921A75142C}.Debug|Any CPU.ActiveCfg = Debug|Any CPU
		{CC517393-BADC-3458-F89B-1A921A75142C}.Debug|Any CPU.Build.0 = Debug|Any CPU
		{CC517393-BADC-3458-F89B-1A921A75142C}.Release|Any CPU.ActiveCfg = Release|Any CPU
		{CC517393-BADC-3458-F89B-1A921A75142C}.Release|Any CPU.Build.0 = Release|Any CPU
		{FA28D29C-4548-5513-7BF8-EAFDF8693B20}.Debug|Any CPU.ActiveCfg = Debug|Any CPU
		{FA28D29C-4548-5513-7BF8-EAFDF8693B20}.Debug|Any CPU.Build.0 = Debug|Any CPU
		{FA28D29C-4548-5513-7BF8-EAFDF8693B20}.Release|Any CPU.ActiveCfg = Release|Any CPU
		{FA28D29C-4548-5513-7BF8-EAFDF8693B20}.Release|Any CPU.Build.0 = Release|Any CPU
		{AFD753CE-6C86-C159-65AE-30CE7F5E8DC0}.Debug|Any CPU.ActiveCfg = Debug|Any CPU
		{AFD753CE-6C86-C159-65AE-30CE7F5E8DC0}.Debug|Any CPU.Build.0 = Debug|Any CPU
		{AFD753CE-6C86-C159-65AE-30CE7F5E8DC0}.Release|Any CPU.ActiveCfg = Release|Any CPU
		{AFD753CE-6C86-C159-65AE-30CE7F5E8DC0}.Release|Any CPU.Build.0 = Release|Any CPU
	EndGlobalSection
	GlobalSection(SolutionProperties) = preSolution
		HideSolutionNode = FALSE
	EndGlobalSection
EndGlobal
